PODS:
  - Flutter (1.0.0)
  - hyper_webview_flutter (0.0.1):
    - Flutter
  - integration_test (0.0.1):
    - Flutter
  - webview_flutter_wkwebview (0.0.1):
    - Flutter
    - FlutterMacOS

DEPENDENCIES:
  - Flutter (from `Flutter`)
  - hyper_webview_flutter (from `.symlinks/plugins/hyper_webview_flutter/ios`)
  - integration_test (from `.symlinks/plugins/integration_test/ios`)
  - webview_flutter_wkwebview (from `.symlinks/plugins/webview_flutter_wkwebview/darwin`)

EXTERNAL SOURCES:
  Flutter:
    :path: Flutter
  hyper_webview_flutter:
    :path: ".symlinks/plugins/hyper_webview_flutter/ios"
  integration_test:
    :path: ".symlinks/plugins/integration_test/ios"
  webview_flutter_wkwebview:
    :path: ".symlinks/plugins/webview_flutter_wkwebview/darwin"

SPEC CHECKSUMS:
  Flutter: e0871f40cf51350855a761d2e70bf5af5b9b5de7
  hyper_webview_flutter: 0707f57e68b420052fc54673779478dea9e95ef6
  integration_test: 252f60fa39af5e17c3aa9899d35d908a0721b573
  webview_flutter_wkwebview: 0982481e3d9c78fd5c6f62a002fcd24fc791f1e4

PODFILE CHECKSUM: 274e27f3d62449afc2ea98bd38920bc3497b980f

COCOAPODS: 1.15.2
